
Microsoft Visual Studio Solution File, Format Version 12.00
# Visual Studio 2015
Project("{FAE04EC0-301F-11D3-BF4B-00C04F79EFBC}") = "MacroWave", "MacroWave.csproj", "{65CB3A08-4B17-1F99-B16D-AB03A371EB6C}"
EndProject
Global
	GlobalSection(SolutionConfigurationPlatforms) = preSolution
		Debug|Any CPU = Debug|Any CPU
		Release|Any CPU = Release|Any CPU
	EndGlobalSection
	GlobalSection(ProjectConfigurationPlatforms) = postSolution
		{65CB3A08-4B17-1F99-B16D-AB03A371EB6C}.Debug|Any CPU.ActiveCfg = Debug|Any CPU
		{65CB3A08-4B17-1F99-B16D-AB03A371EB6C}.Debug|Any CPU.Build.0 = Debug|Any CPU
		{65CB3A08-4B17-1F99-B16D-AB03A371EB6C}.Release|Any CPU.ActiveCfg = Release|Any CPU
		{65CB3A08-4B17-1F99-B16D-AB03A371EB6C}.Release|Any CPU.Build.0 = Release|Any CPU
	EndGlobalSection
	GlobalSection(SolutionProperties) = preSolution
		HideSolutionNode = FALSE
	EndGlobalSection
EndGlobal
